
Microsoft Visual Studio Solution File, Format Version 12.00
# Visual Studio Version 16
VisualStudioVersion = 16.0.30804.86
MinimumVisualStudioVersion = 10.0.40219.1
Project("{FAE04EC0-301F-11D3-BF4B-00C04F79EFBC}") = "PryAnezNatalia", "PryAnezNatalia\PryAnezNatalia.csproj", "{DC0DDAE1-680D-44CB-AB82-4174E67D4478}"
EndProject
Project("{FAE04EC0-301F-11D3-BF4B-00C04F79EFBC}") = "PryAnezNatalia.Tests", "PryAnezNatalia.Tests\PryAnezNatalia.Tests.csproj", "{11B25565-CB09-4F45-B8C3-84805348B3FF}"
EndProject
Global
	GlobalSection(SolutionConfigurationPlatforms) = preSolution
		Debug|Any CPU = Debug|Any CPU
		Release|Any CPU = Release|Any CPU
	EndGlobalSection
	GlobalSection(ProjectConfigurationPlatforms) = postSolution
		{DC0DDAE1-680D-44CB-AB82-4174E67D4478}.Debug|Any CPU.ActiveCfg = Debug|Any CPU
		{DC0DDAE1-680D-44CB-AB82-4174E67D4478}.Debug|Any CPU.Build.0 = Debug|Any CPU
		{DC0DDAE1-680D-44CB-AB82-4174E67D4478}.Release|Any CPU.ActiveCfg = Release|Any CPU
		{DC0DDAE1-680D-44CB-AB82-4174E67D4478}.Release|Any CPU.Build.0 = Release|Any CPU
		{11B25565-CB09-4F45-B8C3-84805348B3FF}.Debug|Any CPU.ActiveCfg = Debug|Any CPU
		{11B25565-CB09-4F45-B8C3-84805348B3FF}.Debug|Any CPU.Build.0 = Debug|Any CPU
		{11B25565-CB09-4F45-B8C3-84805348B3FF}.Release|Any CPU.ActiveCfg = Release|Any CPU
		{11B25565-CB09-4F45-B8C3-84805348B3FF}.Release|Any CPU.Build.0 = Release|Any CPU
	EndGlobalSection
	GlobalSection(SolutionProperties) = preSolution
		HideSolutionNode = FALSE
	EndGlobalSection
	GlobalSection(ExtensibilityGlobals) = postSolution
		SolutionGuid = {0020C1CA-4BE9-40EC-8F33-A29E53B5B88E}
	EndGlobalSection
EndGlobal
